// !$*UTF8*$!
{
	archiveVersion = 1;
	classes = {
	};
	objectVersion = 46;
	objects = {

/* Begin PBXBuildFile section */
		9416B15E1A8876CB00DF8B06 /* LoginViewController.swift in Sources */ = {isa = PBXBuildFile; fileRef = 9416B15D1A8876CB00DF8B06 /* LoginViewController.swift */; };
		9416B1601A8876DB00DF8B06 /* SignupViewController.swift in Sources */ = {isa = PBXBuildFile; fileRef = 9416B15F1A8876DB00DF8B06 /* SignupViewController.swift */; };
		941DA68B1A86102C003D2C06 /* Bolts.framework in Frameworks */ = {isa = PBXBuildFile; fileRef = 941DA6891A86102C003D2C06 /* Bolts.framework */; };
		941DA68C1A86102D003D2C06 /* Parse.framework in Frameworks */ = {isa = PBXBuildFile; fileRef = 941DA68A1A86102C003D2C06 /* Parse.framework */; };
		941DA68E1A861081003D2C06 /* AudioToolbox.framework in Frameworks */ = {isa = PBXBuildFile; fileRef = 941DA68D1A861081003D2C06 /* AudioToolbox.framework */; };
		941DA6991A861114003D2C06 /* CFNetwork.framework in Frameworks */ = {isa = PBXBuildFile; fileRef = 941DA68F1A861114003D2C06 /* CFNetwork.framework */; };
		941DA69A1A861114003D2C06 /* CoreGraphics.framework in Frameworks */ = {isa = PBXBuildFile; fileRef = 941DA6901A861114003D2C06 /* CoreGraphics.framework */; };
		941DA69B1A861114003D2C06 /* CoreLocation.framework in Frameworks */ = {isa = PBXBuildFile; fileRef = 941DA6911A861114003D2C06 /* CoreLocation.framework */; };
		941DA69C1A861114003D2C06 /* libsqlite3.dylib in Frameworks */ = {isa = PBXBuildFile; fileRef = 941DA6921A861114003D2C06 /* libsqlite3.dylib */; };
		941DA69D1A861114003D2C06 /* libz.dylib in Frameworks */ = {isa = PBXBuildFile; fileRef = 941DA6931A861114003D2C06 /* libz.dylib */; };
		941DA69E1A861114003D2C06 /* MobileCoreServices.framework in Frameworks */ = {isa = PBXBuildFile; fileRef = 941DA6941A861114003D2C06 /* MobileCoreServices.framework */; };
		941DA69F1A861114003D2C06 /* QuartzCore.framework in Frameworks */ = {isa = PBXBuildFile; fileRef = 941DA6951A861114003D2C06 /* QuartzCore.framework */; };
		941DA6A01A861114003D2C06 /* Security.framework in Frameworks */ = {isa = PBXBuildFile; fileRef = 941DA6961A861114003D2C06 /* Security.framework */; };
		941DA6A11A861114003D2C06 /* StoreKit.framework in Frameworks */ = {isa = PBXBuildFile; fileRef = 941DA6971A861114003D2C06 /* StoreKit.framework */; };
		941DA6A21A861114003D2C06 /* SystemConfiguration.framework in Frameworks */ = {isa = PBXBuildFile; fileRef = 941DA6981A861114003D2C06 /* SystemConfiguration.framework */; };
		94ECF0281A71FB8000E70367 /* AppDelegate.swift in Sources */ = {isa = PBXBuildFile; fileRef = 94ECF0271A71FB8000E70367 /* AppDelegate.swift */; };
		94ECF02B1A71FB8000E70367 /* Time_Capsule.xcdatamodeld in Sources */ = {isa = PBXBuildFile; fileRef = 94ECF0291A71FB8000E70367 /* Time_Capsule.xcdatamodeld */; };
		94ECF0301A71FB8000E70367 /* Main.storyboard in Resources */ = {isa = PBXBuildFile; fileRef = 94ECF02E1A71FB8000E70367 /* Main.storyboard */; };
		94ECF0321A71FB8000E70367 /* Images.xcassets in Resources */ = {isa = PBXBuildFile; fileRef = 94ECF0311A71FB8000E70367 /* Images.xcassets */; };
		94ECF0351A71FB8000E70367 /* LaunchScreen.xib in Resources */ = {isa = PBXBuildFile; fileRef = 94ECF0331A71FB8000E70367 /* LaunchScreen.xib */; };
		94ECF0411A71FB8000E70367 /* Time_CapsuleTests.swift in Sources */ = {isa = PBXBuildFile; fileRef = 94ECF0401A71FB8000E70367 /* Time_CapsuleTests.swift */; };
/* End PBXBuildFile section */

/* Begin PBXContainerItemProxy section */
		94ECF03B1A71FB8000E70367 /* PBXContainerItemProxy */ = {
			isa = PBXContainerItemProxy;
			containerPortal = 94ECF01A1A71FB7F00E70367 /* Project object */;
			proxyType = 1;
			remoteGlobalIDString = 94ECF0211A71FB7F00E70367;
			remoteInfo = "Time Capsule";
		};
/* End PBXContainerItemProxy section */

/* Begin PBXFileReference section */
		9416B15D1A8876CB00DF8B06 /* LoginViewController.swift */ = {isa = PBXFileReference; fileEncoding = 4; lastKnownFileType = sourcecode.swift; path = LoginViewController.swift; sourceTree = "<group>"; };
		9416B15F1A8876DB00DF8B06 /* SignupViewController.swift */ = {isa = PBXFileReference; fileEncoding = 4; lastKnownFileType = sourcecode.swift; path = SignupViewController.swift; sourceTree = "<group>"; };
		941DA6891A86102C003D2C06 /* Bolts.framework */ = {isa = PBXFileReference; lastKnownFileType = wrapper.framework; name = Bolts.framework; path = "../../../../Downloads/parse-library-1-2/Bolts.framework"; sourceTree = "<group>"; };
		941DA68A1A86102C003D2C06 /* Parse.framework */ = {isa = PBXFileReference; lastKnownFileType = wrapper.framework; name = Parse.framework; path = "../../../../Downloads/parse-library-1-2/Parse.framework"; sourceTree = "<group>"; };
		941DA68D1A861081003D2C06 /* AudioToolbox.framework */ = {isa = PBXFileReference; lastKnownFileType = wrapper.framework; name = AudioToolbox.framework; path = System/Library/Frameworks/AudioToolbox.framework; sourceTree = SDKROOT; };
		941DA68F1A861114003D2C06 /* CFNetwork.framework */ = {isa = PBXFileReference; lastKnownFileType = wrapper.framework; name = CFNetwork.framework; path = System/Library/Frameworks/CFNetwork.framework; sourceTree = SDKROOT; };
		941DA6901A861114003D2C06 /* CoreGraphics.framework */ = {isa = PBXFileReference; lastKnownFileType = wrapper.framework; name = CoreGraphics.framework; path = System/Library/Frameworks/CoreGraphics.framework; sourceTree = SDKROOT; };
		941DA6911A861114003D2C06 /* CoreLocation.framework */ = {isa = PBXFileReference; lastKnownFileType = wrapper.framework; name = CoreLocation.framework; path = System/Library/Frameworks/CoreLocation.framework; sourceTree = SDKROOT; };
		941DA6921A861114003D2C06 /* libsqlite3.dylib */ = {isa = PBXFileReference; lastKnownFileType = "compiled.mach-o.dylib"; name = libsqlite3.dylib; path = usr/lib/libsqlite3.dylib; sourceTree = SDKROOT; };
		941DA6931A861114003D2C06 /* libz.dylib */ = {isa = PBXFileReference; lastKnownFileType = "compiled.mach-o.dylib"; name = libz.dylib; path = usr/lib/libz.dylib; sourceTree = SDKROOT; };
		941DA6941A861114003D2C06 /* MobileCoreServices.framework */ = {isa = PBXFileReference; lastKnownFileType = wrapper.framework; name = MobileCoreServices.framework; path = System/Library/Frameworks/MobileCoreServices.framework; sourceTree = SDKROOT; };
		941DA6951A861114003D2C06 /* QuartzCore.framework */ = {isa = PBXFileReference; lastKnownFileType = wrapper.framework; name = QuartzCore.framework; path = System/Library/Frameworks/QuartzCore.framework; sourceTree = SDKROOT; };
		941DA6961A861114003D2C06 /* Security.framework */ = {isa = PBXFileReference; lastKnownFileType = wrapper.framework; name = Security.framework; path = System/Library/Frameworks/Security.framework; sourceTree = SDKROOT; };
		941DA6971A861114003D2C06 /* StoreKit.framework */ = {isa = PBXFileReference; lastKnownFileType = wrapper.framework; name = StoreKit.framework; path = System/Library/Frameworks/StoreKit.framework; sourceTree = SDKROOT; };
		941DA6981A861114003D2C06 /* SystemConfiguration.framework */ = {isa = PBXFileReference; lastKnownFileType = wrapper.framework; name = SystemConfiguration.framework; path = System/Library/Frameworks/SystemConfiguration.framework; sourceTree = SDKROOT; };
		941DA6A31A8612BF003D2C06 /* Time Capsule-Bridging-Header.h */ = {isa = PBXFileReference; lastKnownFileType = sourcecode.c.h; path = "Time Capsule-Bridging-Header.h"; sourceTree = "<group>"; };
		94ECF0221A71FB7F00E70367 /* Time Capsule.app */ = {isa = PBXFileReference; explicitFileType = wrapper.application; includeInIndex = 0; path = "Time Capsule.app"; sourceTree = BUILT_PRODUCTS_DIR; };
		94ECF0261A71FB8000E70367 /* Info.plist */ = {isa = PBXFileReference; lastKnownFileType = text.plist.xml; path = Info.plist; sourceTree = "<group>"; };
		94ECF0271A71FB8000E70367 /* AppDelegate.swift */ = {isa = PBXFileReference; lastKnownFileType = sourcecode.swift; path = AppDelegate.swift; sourceTree = "<group>"; };
		94ECF02A1A71FB8000E70367 /* Time_Capsule.xcdatamodel */ = {isa = PBXFileReference; lastKnownFileType = wrapper.xcdatamodel; path = Time_Capsule.xcdatamodel; sourceTree = "<group>"; };
		94ECF02F1A71FB8000E70367 /* Base */ = {isa = PBXFileReference; lastKnownFileType = file.storyboard; name = Base; path = Base.lproj/Main.storyboard; sourceTree = "<group>"; };
		94ECF0311A71FB8000E70367 /* Images.xcassets */ = {isa = PBXFileReference; lastKnownFileType = folder.assetcatalog; path = Images.xcassets; sourceTree = "<group>"; };
		94ECF0341A71FB8000E70367 /* Base */ = {isa = PBXFileReference; lastKnownFileType = file.xib; name = Base; path = Base.lproj/LaunchScreen.xib; sourceTree = "<group>"; };
		94ECF03A1A71FB8000E70367 /* Time CapsuleTests.xctest */ = {isa = PBXFileReference; explicitFileType = wrapper.cfbundle; includeInIndex = 0; path = "Time CapsuleTests.xctest"; sourceTree = BUILT_PRODUCTS_DIR; };
		94ECF03F1A71FB8000E70367 /* Info.plist */ = {isa = PBXFileReference; lastKnownFileType = text.plist.xml; path = Info.plist; sourceTree = "<group>"; };
		94ECF0401A71FB8000E70367 /* Time_CapsuleTests.swift */ = {isa = PBXFileReference; lastKnownFileType = sourcecode.swift; path = Time_CapsuleTests.swift; sourceTree = "<group>"; };
/* End PBXFileReference section */

/* Begin PBXFrameworksBuildPhase section */
		94ECF01F1A71FB7F00E70367 /* Frameworks */ = {
			isa = PBXFrameworksBuildPhase;
			buildActionMask = 2147483647;
			files = (
				941DA6991A861114003D2C06 /* CFNetwork.framework in Frameworks */,
				941DA69A1A861114003D2C06 /* CoreGraphics.framework in Frameworks */,
				941DA69B1A861114003D2C06 /* CoreLocation.framework in Frameworks */,
				941DA69C1A861114003D2C06 /* libsqlite3.dylib in Frameworks */,
				941DA69D1A861114003D2C06 /* libz.dylib in Frameworks */,
				941DA69E1A861114003D2C06 /* MobileCoreServices.framework in Frameworks */,
				941DA69F1A861114003D2C06 /* QuartzCore.framework in Frameworks */,
				941DA6A01A861114003D2C06 /* Security.framework in Frameworks */,
				941DA6A11A861114003D2C06 /* StoreKit.framework in Frameworks */,
				941DA6A21A861114003D2C06 /* SystemConfiguration.framework in Frameworks */,
				941DA68E1A861081003D2C06 /* AudioToolbox.framework in Frameworks */,
				941DA68C1A86102D003D2C06 /* Parse.framework in Frameworks */,
				941DA68B1A86102C003D2C06 /* Bolts.framework in Frameworks */,
			);
			runOnlyForDeploymentPostprocessing = 0;
		};
		94ECF0371A71FB8000E70367 /* Frameworks */ = {
			isa = PBXFrameworksBuildPhase;
			buildActionMask = 2147483647;
			files = (
			);
			runOnlyForDeploymentPostprocessing = 0;
		};
/* End PBXFrameworksBuildPhase section */

/* Begin PBXGroup section */
		94ECF0191A71FB7F00E70367 = {
			isa = PBXGroup;
			children = (
				9416B15F1A8876DB00DF8B06 /* SignupViewController.swift */,
				9416B15D1A8876CB00DF8B06 /* LoginViewController.swift */,
				94ECF0241A71FB7F00E70367 /* Time Capsule */,
				94ECF03D1A71FB8000E70367 /* Time CapsuleTests */,
				94ECF0231A71FB7F00E70367 /* Products */,
			);
			sourceTree = "<group>";
		};
		94ECF0231A71FB7F00E70367 /* Products */ = {
			isa = PBXGroup;
			children = (
				94ECF0221A71FB7F00E70367 /* Time Capsule.app */,
				94ECF03A1A71FB8000E70367 /* Time CapsuleTests.xctest */,
			);
			name = Products;
			sourceTree = "<group>";
		};
		94ECF0241A71FB7F00E70367 /* Time Capsule */ = {
			isa = PBXGroup;
			children = (
				94ECF0271A71FB8000E70367 /* AppDelegate.swift */,
				94ECF02E1A71FB8000E70367 /* Main.storyboard */,
				94ECF0311A71FB8000E70367 /* Images.xcassets */,
				94ECF0331A71FB8000E70367 /* LaunchScreen.xib */,
				94ECF0291A71FB8000E70367 /* Time_Capsule.xcdatamodeld */,
				94ECF0251A71FB7F00E70367 /* Supporting Files */,
				941DA6A31A8612BF003D2C06 /* Time Capsule-Bridging-Header.h */,
			);
			path = "Time Capsule";
			sourceTree = "<group>";
		};
		94ECF0251A71FB7F00E70367 /* Supporting Files */ = {
			isa = PBXGroup;
			children = (
				941DA68F1A861114003D2C06 /* CFNetwork.framework */,
				941DA6901A861114003D2C06 /* CoreGraphics.framework */,
				941DA6911A861114003D2C06 /* CoreLocation.framework */,
				941DA6921A861114003D2C06 /* libsqlite3.dylib */,
				941DA6931A861114003D2C06 /* libz.dylib */,
				941DA6941A861114003D2C06 /* MobileCoreServices.framework */,
				941DA6951A861114003D2C06 /* QuartzCore.framework */,
				941DA6961A861114003D2C06 /* Security.framework */,
				941DA6971A861114003D2C06 /* StoreKit.framework */,
				941DA6981A861114003D2C06 /* SystemConfiguration.framework */,
				941DA68D1A861081003D2C06 /* AudioToolbox.framework */,
				941DA6891A86102C003D2C06 /* Bolts.framework */,
				941DA68A1A86102C003D2C06 /* Parse.framework */,
				94ECF0261A71FB8000E70367 /* Info.plist */,
			);
			name = "Supporting Files";
			sourceTree = "<group>";
		};
		94ECF03D1A71FB8000E70367 /* Time CapsuleTests */ = {
			isa = PBXGroup;
			children = (
				94ECF0401A71FB8000E70367 /* Time_CapsuleTests.swift */,
				94ECF03E1A71FB8000E70367 /* Supporting Files */,
			);
			path = "Time CapsuleTests";
			sourceTree = "<group>";
		};
		94ECF03E1A71FB8000E70367 /* Supporting Files */ = {
			isa = PBXGroup;
			children = (
				94ECF03F1A71FB8000E70367 /* Info.plist */,
			);
			name = "Supporting Files";
			sourceTree = "<group>";
		};
/* End PBXGroup section */

/* Begin PBXNativeTarget section */
		94ECF0211A71FB7F00E70367 /* Time Capsule */ = {
			isa = PBXNativeTarget;
			buildConfigurationList = 94ECF0441A71FB8000E70367 /* Build configuration list for PBXNativeTarget "Time Capsule" */;
			buildPhases = (
				94ECF01E1A71FB7F00E70367 /* Sources */,
				94ECF01F1A71FB7F00E70367 /* Frameworks */,
				94ECF0201A71FB7F00E70367 /* Resources */,
			);
			buildRules = (
			);
			dependencies = (
			);
			name = "Time Capsule";
			productName = "Time Capsule";
			productReference = 94ECF0221A71FB7F00E70367 /* Time Capsule.app */;
			productType = "com.apple.product-type.application";
		};
		94ECF0391A71FB8000E70367 /* Time CapsuleTests */ = {
			isa = PBXNativeTarget;
			buildConfigurationList = 94ECF0471A71FB8000E70367 /* Build configuration list for PBXNativeTarget "Time CapsuleTests" */;
			buildPhases = (
				94ECF0361A71FB8000E70367 /* Sources */,
				94ECF0371A71FB8000E70367 /* Frameworks */,
				94ECF0381A71FB8000E70367 /* Resources */,
			);
			buildRules = (
			);
			dependencies = (
				94ECF03C1A71FB8000E70367 /* PBXTargetDependency */,
			);
			name = "Time CapsuleTests";
			productName = "Time CapsuleTests";
			productReference = 94ECF03A1A71FB8000E70367 /* Time CapsuleTests.xctest */;
			productType = "com.apple.product-type.bundle.unit-test";
		};
/* End PBXNativeTarget section */

/* Begin PBXProject section */
		94ECF01A1A71FB7F00E70367 /* Project object */ = {
			isa = PBXProject;
			attributes = {
				LastUpgradeCheck = 0610;
				ORGANIZATIONNAME = "Sean Reinhardt";
				TargetAttributes = {
					94ECF0211A71FB7F00E70367 = {
						CreatedOnToolsVersion = 6.1.1;
					};
					94ECF0391A71FB8000E70367 = {
						CreatedOnToolsVersion = 6.1.1;
						TestTargetID = 94ECF0211A71FB7F00E70367;
					};
				};
			};
			buildConfigurationList = 94ECF01D1A71FB7F00E70367 /* Build configuration list for PBXProject "Time Capsule" */;
			compatibilityVersion = "Xcode 3.2";
			developmentRegion = English;
			hasScannedForEncodings = 0;
			knownRegions = (
				en,
				Base,
			);
			mainGroup = 94ECF0191A71FB7F00E70367;
			productRefGroup = 94ECF0231A71FB7F00E70367 /* Products */;
			projectDirPath = "";
			projectRoot = "";
			targets = (
				94ECF0211A71FB7F00E70367 /* Time Capsule */,
				94ECF0391A71FB8000E70367 /* Time CapsuleTests */,
			);
		};
/* End PBXProject section */

/* Begin PBXResourcesBuildPhase section */
		94ECF0201A71FB7F00E70367 /* Resources */ = {
			isa = PBXResourcesBuildPhase;
			buildActionMask = 2147483647;
			files = (
				94ECF0301A71FB8000E70367 /* Main.storyboard in Resources */,
				94ECF0351A71FB8000E70367 /* LaunchScreen.xib in Resources */,
				94ECF0321A71FB8000E70367 /* Images.xcassets in Resources */,
			);
			runOnlyForDeploymentPostprocessing = 0;
		};
		94ECF0381A71FB8000E70367 /* Resources */ = {
			isa = PBXResourcesBuildPhase;
			buildActionMask = 2147483647;
			files = (
			);
			runOnlyForDeploymentPostprocessing = 0;
		};
/* End PBXResourcesBuildPhase section */

/* Begin PBXSourcesBuildPhase section */
		94ECF01E1A71FB7F00E70367 /* Sources */ = {
			isa = PBXSourcesBuildPhase;
			buildActionMask = 2147483647;
			files = (
				9416B15E1A8876CB00DF8B06 /* LoginViewController.swift in Sources */,
				94ECF02B1A71FB8000E70367 /* Time_Capsule.xcdatamodeld in Sources */,
				9416B1601A8876DB00DF8B06 /* SignupViewController.swift in Sources */,
				94ECF0281A71FB8000E70367 /* AppDelegate.swift in Sources */,
			);
			runOnlyForDeploymentPostprocessing = 0;
		};
		94ECF0361A71FB8000E70367 /* Sources */ = {
			isa = PBXSourcesBuildPhase;
			buildActionMask = 2147483647;
			files = (
				94ECF0411A71FB8000E70367 /* Time_CapsuleTests.swift in Sources */,
			);
			runOnlyForDeploymentPostprocessing = 0;
		};
/* End PBXSourcesBuildPhase section */

/* Begin PBXTargetDependency section */
		94ECF03C1A71FB8000E70367 /* PBXTargetDependency */ = {
			isa = PBXTargetDependency;
			target = 94ECF0211A71FB7F00E70367 /* Time Capsule */;
			targetProxy = 94ECF03B1A71FB8000E70367 /* PBXContainerItemProxy */;
		};
/* End PBXTargetDependency section */

/* Begin PBXVariantGroup section */
		94ECF02E1A71FB8000E70367 /* Main.storyboard */ = {
			isa = PBXVariantGroup;
			children = (
				94ECF02F1A71FB8000E70367 /* Base */,
			);
			name = Main.storyboard;
			sourceTree = "<group>";
		};
		94ECF0331A71FB8000E70367 /* LaunchScreen.xib */ = {
			isa = PBXVariantGroup;
			children = (
				94ECF0341A71FB8000E70367 /* Base */,
			);
			name = LaunchScreen.xib;
			sourceTree = "<group>";
		};
/* End PBXVariantGroup section */

/* Begin XCBuildConfiguration section */
		94ECF0421A71FB8000E70367 /* Debug */ = {
			isa = XCBuildConfiguration;
			buildSettings = {
				ALWAYS_SEARCH_USER_PATHS = NO;
				CLANG_CXX_LANGUAGE_STANDARD = "gnu++0x";
				CLANG_CXX_LIBRARY = "libc++";
				CLANG_ENABLE_MODULES = YES;
				CLANG_ENABLE_OBJC_ARC = YES;
				CLANG_WARN_BOOL_CONVERSION = YES;
				CLANG_WARN_CONSTANT_CONVERSION = YES;
				CLANG_WARN_DIRECT_OBJC_ISA_USAGE = YES_ERROR;
				CLANG_WARN_EMPTY_BODY = YES;
				CLANG_WARN_ENUM_CONVERSION = YES;
				CLANG_WARN_INT_CONVERSION = YES;
				CLANG_WARN_OBJC_ROOT_CLASS = YES_ERROR;
				CLANG_WARN_UNREACHABLE_CODE = YES;
				CLANG_WARN__DUPLICATE_METHOD_MATCH = YES;
				"CODE_SIGN_IDENTITY[sdk=iphoneos*]" = "iPhone Developer";
				COPY_PHASE_STRIP = NO;
				ENABLE_STRICT_OBJC_MSGSEND = YES;
				GCC_C_LANGUAGE_STANDARD = gnu99;
				GCC_DYNAMIC_NO_PIC = NO;
				GCC_OPTIMIZATION_LEVEL = 0;
				GCC_PREPROCESSOR_DEFINITIONS = (
					"DEBUG=1",
					"$(inherited)",
				);
				GCC_SYMBOLS_PRIVATE_EXTERN = NO;
				GCC_WARN_64_TO_32_BIT_CONVERSION = YES;
				GCC_WARN_ABOUT_RETURN_TYPE = YES_ERROR;
				GCC_WARN_UNDECLARED_SELECTOR = YES;
				GCC_WARN_UNINITIALIZED_AUTOS = YES_AGGRESSIVE;
				GCC_WARN_UNUSED_FUNCTION = YES;
				GCC_WARN_UNUSED_VARIABLE = YES;
				IPHONEOS_DEPLOYMENT_TARGET = 8.1;
				MTL_ENABLE_DEBUG_INFO = YES;
				ONLY_ACTIVE_ARCH = YES;
				SDKROOT = iphoneos;
				SWIFT_OPTIMIZATION_LEVEL = "-Onone";
				TARGETED_DEVICE_FAMILY = "1,2";
			};
			name = Debug;
		};
		94ECF0431A71FB8000E70367 /* Release */ = {
			isa = XCBuildConfiguration;
			buildSettings = {
				ALWAYS_SEARCH_USER_PATHS = NO;
				CLANG_CXX_LANGUAGE_STANDARD = "gnu++0x";
				CLANG_CXX_LIBRARY = "libc++";
				CLANG_ENABLE_MODULES = YES;
				CLANG_ENABLE_OBJC_ARC = YES;
				CLANG_WARN_BOOL_CONVERSION = YES;
				CLANG_WARN_CONSTANT_CONVERSION = YES;
				CLANG_WARN_DIRECT_OBJC_ISA_USAGE = YES_ERROR;
				CLANG_WARN_EMPTY_BODY = YES;
				CLANG_WARN_ENUM_CONVERSION = YES;
				CLANG_WARN_INT_CONVERSION = YES;
				CLANG_WARN_OBJC_ROOT_CLASS = YES_ERROR;
				CLANG_WARN_UNREACHABLE_CODE = YES;
				CLANG_WARN__DUPLICATE_METHOD_MATCH = YES;
				"CODE_SIGN_IDENTITY[sdk=iphoneos*]" = "iPhone Developer";
				COPY_PHASE_STRIP = YES;
				ENABLE_NS_ASSERTIONS = NO;
				ENABLE_STRICT_OBJC_MSGSEND = YES;
				GCC_C_LANGUAGE_STANDARD = gnu99;
				GCC_WARN_64_TO_32_BIT_CONVERSION = YES;
				GCC_WARN_ABOUT_RETURN_TYPE = YES_ERROR;
				GCC_WARN_UNDECLARED_SELECTOR = YES;
				GCC_WARN_UNINITIALIZED_AUTOS = YES_AGGRESSIVE;
				GCC_WARN_UNUSED_FUNCTION = YES;
				GCC_WARN_UNUSED_VARIABLE = YES;
				IPHONEOS_DEPLOYMENT_TARGET = 8.1;
				MTL_ENABLE_DEBUG_INFO = NO;
				SDKROOT = iphoneos;
				TARGETED_DEVICE_FAMILY = "1,2";
				VALIDATE_PRODUCT = YES;
			};
			name = Release;
		};
		94ECF0451A71FB8000E70367 /* Debug */ = {
			isa = XCBuildConfiguration;
			buildSettings = {
				ASSETCATALOG_COMPILER_APPICON_NAME = AppIcon;
				CLANG_ENABLE_MODULES = YES;
				FRAMEWORK_SEARCH_PATHS = (
					"$(inherited)",
					"/Users/seanreinhardt/Downloads/parse-library-1-2",
				);
				INFOPLIST_FILE = "Time Capsule/Info.plist";
				LD_RUNPATH_SEARCH_PATHS = "$(inherited) @executable_path/Frameworks";
				PRODUCT_NAME = "$(TARGET_NAME)";
				SWIFT_OBJC_BRIDGING_HEADER = "Time Capsule/Time Capsule-Bridging-Header.h";
				SWIFT_OPTIMIZATION_LEVEL = "-Onone";
			};
			name = Debug;
		};
		94ECF0461A71FB8000E70367 /* Release */ = {
			isa = XCBuildConfiguration;
			buildSettings = {
				ASSETCATALOG_COMPILER_APPICON_NAME = AppIcon;
				CLANG_ENABLE_MODULES = YES;
				FRAMEWORK_SEARCH_PATHS = (
					"$(inherited)",
					"/Users/seanreinhardt/Downloads/parse-library-1-2",
				);
				INFOPLIST_FILE = "Time Capsule/Info.plist";
				LD_RUNPATH_SEARCH_PATHS = "$(inherited) @executable_path/Frameworks";
				PRODUCT_NAME = "$(TARGET_NAME)";
				SWIFT_OBJC_BRIDGING_HEADER = "Time Capsule/Time Capsule-Bridging-Header.h";
			};
			name = Release;
		};
		94ECF0481A71FB8000E70367 /* Debug */ = {
			isa = XCBuildConfiguration;
			buildSettings = {
				BUNDLE_LOADER = "$(TEST_HOST)";
				FRAMEWORK_SEARCH_PATHS = (
					"$(SDKROOT)/Developer/Library/Frameworks",
					"$(inherited)",
				);
				GCC_PREPROCESSOR_DEFINITIONS = (
					"DEBUG=1",
					"$(inherited)",
				);
				INFOPLIST_FILE = "Time CapsuleTests/Info.plist";
				LD_RUNPATH_SEARCH_PATHS = "$(inherited) @executable_path/Frameworks @loader_path/Frameworks";
				PRODUCT_NAME = "$(TARGET_NAME)";
				TEST_HOST = "$(BUILT_PRODUCTS_DIR)/Time Capsule.app/Time Capsule";
			};
			name = Debug;
		};
		94ECF0491A71FB8000E70367 /* Release */ = {
			isa = XCBuildConfiguration;
			buildSettings = {
				BUNDLE_LOADER = "$(TEST_HOST)";
				FRAMEWORK_SEARCH_PATHS = (
					"$(SDKROOT)/Developer/Library/Frameworks",
					"$(inherited)",
				);
				INFOPLIST_FILE = "Time CapsuleTests/Info.plist";
				LD_RUNPATH_SEARCH_PATHS = "$(inherited) @executable_path/Frameworks @loader_path/Frameworks";
				PRODUCT_NAME = "$(TARGET_NAME)";
				TEST_HOST = "$(BUILT_PRODUCTS_DIR)/Time Capsule.app/Time Capsule";
			};
			name = Release;
		};
/* End XCBuildConfiguration section */

/* Begin XCConfigurationList section */
		94ECF01D1A71FB7F00E70367 /* Build configuration list for PBXProject "Time Capsule" */ = {
			isa = XCConfigurationList;
			buildConfigurations = (
				94ECF0421A71FB8000E70367 /* Debug */,
				94ECF0431A71FB8000E70367 /* Release */,
			);
			defaultConfigurationIsVisible = 0;
			defaultConfigurationName = Release;
		};
		94ECF0441A71FB8000E70367 /* Build configuration list for PBXNativeTarget "Time Capsule" */ = {
			isa = XCConfigurationList;
			buildConfigurations = (
				94ECF0451A71FB8000E70367 /* Debug */,
				94ECF0461A71FB8000E70367 /* Release */,
			);
			defaultConfigurationIsVisible = 0;
			defaultConfigurationName = Release;
		};
		94ECF0471A71FB8000E70367 /* Build configuration list for PBXNativeTarget "Time CapsuleTests" */ = {
			isa = XCConfigurationList;
			buildConfigurations = (
				94ECF0481A71FB8000E70367 /* Debug */,
				94ECF0491A71FB8000E70367 /* Release */,
			);
			defaultConfigurationIsVisible = 0;
			defaultConfigurationName = Release;
		};
/* End XCConfigurationList section */

/* Begin XCVersionGroup section */
		94ECF0291A71FB8000E70367 /* Time_Capsule.xcdatamodeld */ = {
			isa = XCVersionGroup;
			children = (
				94ECF02A1A71FB8000E70367 /* Time_Capsule.xcdatamodel */,
			);
			currentVersion = 94ECF02A1A71FB8000E70367 /* Time_Capsule.xcdatamodel */;
			path = Time_Capsule.xcdatamodeld;
			sourceTree = "<group>";
			versionGroupType = wrapper.xcdatamodel;
		};
/* End XCVersionGroup section */
	};
	rootObject = 94ECF01A1A71FB7F00E70367 /* Project object */;
}
